{
  "requires": true,
  "lockfileVersion": 1,
  "dependencies": {
    "openweather-apis": {
      "version": "3.3.5",
      "resolved": "https://registry.npmjs.org/openweather-apis/-/openweather-apis-3.3.5.tgz",
      "integrity": "sha512-dtKGKNoaJ9VkXemf9q7ltN22BvUHNyJaUh3Kyvg8CokXRpUL2BJE0nBvlltEud1/Th6ZOXZBRDkmt2Sm+cCOiw=="
    }
  }
}
